
Microsoft Visual Studio Solution File, Format Version 12.00
# Visual Studio 15
VisualStudioVersion = 15.0.27703.2026
MinimumVisualStudioVersion = 10.0.40219.1
Project("{FAE04EC0-301F-11D3-BF4B-00C04F79EFBC}") = "OdeToFood", "OdeToFood\OdeToFood.csproj", "{EC125EF9-7B10-4D22-AF3B-C3A4EF9AE930}"
EndProject
Global
	GlobalSection(SolutionConfigurationPlatforms) = preSolution
		Debug|Any CPU = Debug|Any CPU
		Release|Any CPU = Release|Any CPU
	EndGlobalSection
	GlobalSection(ProjectConfigurationPlatforms) = postSolution
		{EC125EF9-7B10-4D22-AF3B-C3A4EF9AE930}.Debug|Any CPU.ActiveCfg = Debug|Any CPU
		{EC125EF9-7B10-4D22-AF3B-C3A4EF9AE930}.Debug|Any CPU.Build.0 = Debug|Any CPU
		{EC125EF9-7B10-4D22-AF3B-C3A4EF9AE930}.Release|Any CPU.ActiveCfg = Release|Any CPU
		{EC125EF9-7B10-4D22-AF3B-C3A4EF9AE930}.Release|Any CPU.Build.0 = Release|Any CPU
	EndGlobalSection
	GlobalSection(SolutionProperties) = preSolution
		HideSolutionNode = FALSE
	EndGlobalSection
	GlobalSection(ExtensibilityGlobals) = postSolution
		SolutionGuid = {C0F39D4C-B574-44A2-9C27-3EA1847CE181}
	EndGlobalSection
EndGlobal
